
Microsoft Visual Studio Solution File, Format Version 12.00
# Visual Studio Version 17
VisualStudioVersion = 17.4.33403.182
MinimumVisualStudioVersion = 10.0.40219.1
Project("{FAE04EC0-301F-11D3-BF4B-00C04F79EFBC}") = "StarTrianglesV22", "StarTrianglesV22\StarTrianglesV22.csproj", "{19DAF020-738C-4C64-AF41-CD87080479E5}"
EndProject
Global
	GlobalSection(SolutionConfigurationPlatforms) = preSolution
		Debug|Any CPU = Debug|Any CPU
		Release|Any CPU = Release|Any CPU
	EndGlobalSection
	GlobalSection(ProjectConfigurationPlatforms) = postSolution
		{19DAF020-738C-4C64-AF41-CD87080479E5}.Debug|Any CPU.ActiveCfg = Debug|Any CPU
		{19DAF020-738C-4C64-AF41-CD87080479E5}.Debug|Any CPU.Build.0 = Debug|Any CPU
		{19DAF020-738C-4C64-AF41-CD87080479E5}.Release|Any CPU.ActiveCfg = Release|Any CPU
		{19DAF020-738C-4C64-AF41-CD87080479E5}.Release|Any CPU.Build.0 = Release|Any CPU
	EndGlobalSection
	GlobalSection(SolutionProperties) = preSolution
		HideSolutionNode = FALSE
	EndGlobalSection
	GlobalSection(ExtensibilityGlobals) = postSolution
		SolutionGuid = {FD8DF601-11A8-4E2C-96E2-ABB90EF95877}
	EndGlobalSection
EndGlobal
